// !$*UTF8*$!
{
	archiveVersion = 1;
	classes = {
	};
	objectVersion = 56;
	objects = {

/* Begin PBXBuildFile section */
		7E1AE70D2A6B4514008A1996 /* RxSwift in Frameworks */ = {isa = PBXBuildFile; productRef = 7E1AE70C2A6B4514008A1996 /* RxSwift */; };
		7E1AE70F2A6B4518008A1996 /* RxCocoa in Frameworks */ = {isa = PBXBuildFile; productRef = 7E1AE70E2A6B4518008A1996 /* RxCocoa */; };
		7E1AE7122A6B499B008A1996 /* SDWebImage in Frameworks */ = {isa = PBXBuildFile; productRef = 7E1AE7112A6B499B008A1996 /* SDWebImage */; };
		7EB740222A6998DC008EABF5 /* AppDelegate.swift in Sources */ = {isa = PBXBuildFile; fileRef = 7EB740212A6998DC008EABF5 /* AppDelegate.swift */; };
		7EB740242A6998DC008EABF5 /* SceneDelegate.swift in Sources */ = {isa = PBXBuildFile; fileRef = 7EB740232A6998DC008EABF5 /* SceneDelegate.swift */; };
		7EB740262A6998DC008EABF5 /* ViewController.swift in Sources */ = {isa = PBXBuildFile; fileRef = 7EB740252A6998DC008EABF5 /* ViewController.swift */; };
		7EB740292A6998DC008EABF5 /* Main.storyboard in Resources */ = {isa = PBXBuildFile; fileRef = 7EB740272A6998DC008EABF5 /* Main.storyboard */; };
		7EB7402B2A6998E0008EABF5 /* Assets.xcassets in Resources */ = {isa = PBXBuildFile; fileRef = 7EB7402A2A6998E0008EABF5 /* Assets.xcassets */; };
		7EB7402E2A6998E0008EABF5 /* LaunchScreen.storyboard in Resources */ = {isa = PBXBuildFile; fileRef = 7EB7402C2A6998E0008EABF5 /* LaunchScreen.storyboard */; };
/* End PBXBuildFile section */

/* Begin PBXFileReference section */
		7EB7401E2A6998DC008EABF5 /* GIF Catalogue Application.app */ = {isa = PBXFileReference; explicitFileType = wrapper.application; includeInIndex = 0; path = "GIF Catalogue Application.app"; sourceTree = BUILT_PRODUCTS_DIR; };
		7EB740212A6998DC008EABF5 /* AppDelegate.swift */ = {isa = PBXFileReference; lastKnownFileType = sourcecode.swift; path = AppDelegate.swift; sourceTree = "<group>"; };
		7EB740232A6998DC008EABF5 /* SceneDelegate.swift */ = {isa = PBXFileReference; lastKnownFileType = sourcecode.swift; path = SceneDelegate.swift; sourceTree = "<group>"; };
		7EB740252A6998DC008EABF5 /* ViewController.swift */ = {isa = PBXFileReference; lastKnownFileType = sourcecode.swift; path = ViewController.swift; sourceTree = "<group>"; };
		7EB740282A6998DC008EABF5 /* Base */ = {isa = PBXFileReference; lastKnownFileType = file.storyboard; name = Base; path = Base.lproj/Main.storyboard; sourceTree = "<group>"; };
		7EB7402A2A6998E0008EABF5 /* Assets.xcassets */ = {isa = PBXFileReference; lastKnownFileType = folder.assetcatalog; path = Assets.xcassets; sourceTree = "<group>"; };
		7EB7402D2A6998E0008EABF5 /* Base */ = {isa = PBXFileReference; lastKnownFileType = file.storyboard; name = Base; path = Base.lproj/LaunchScreen.storyboard; sourceTree = "<group>"; };
		7EB7402F2A6998E0008EABF5 /* Info.plist */ = {isa = PBXFileReference; lastKnownFileType = text.plist.xml; path = Info.plist; sourceTree = "<group>"; };
/* End PBXFileReference section */

/* Begin PBXFrameworksBuildPhase section */
		7EB7401B2A6998DC008EABF5 /* Frameworks */ = {
			isa = PBXFrameworksBuildPhase;
			buildActionMask = 2147483647;
			files = (
				7E1AE7122A6B499B008A1996 /* SDWebImage in Frameworks */,
				7E1AE70F2A6B4518008A1996 /* RxCocoa in Frameworks */,
				7E1AE70D2A6B4514008A1996 /* RxSwift in Frameworks */,
			);
			runOnlyForDeploymentPostprocessing = 0;
		};
/* End PBXFrameworksBuildPhase section */

/* Begin PBXGroup section */
		7E1AE70B2A6B4514008A1996 /* Frameworks */ = {
			isa = PBXGroup;
			children = (
			);
			name = Frameworks;
			sourceTree = "<group>";
		};
		7EB740152A6998DC008EABF5 = {
			isa = PBXGroup;
			children = (
				7EB740202A6998DC008EABF5 /* GIF Catalogue Application */,
				7EB7401F2A6998DC008EABF5 /* Products */,
				7E1AE70B2A6B4514008A1996 /* Frameworks */,
			);
			sourceTree = "<group>";
		};
		7EB7401F2A6998DC008EABF5 /* Products */ = {
			isa = PBXGroup;
			children = (
				7EB7401E2A6998DC008EABF5 /* GIF Catalogue Application.app */,
			);
			name = Products;
			sourceTree = "<group>";
		};
		7EB740202A6998DC008EABF5 /* GIF Catalogue Application */ = {
			isa = PBXGroup;
			children = (
				7EB740352A699921008EABF5 /* AppDelegate */,
				7EB740362A69995C008EABF5 /* Controllers */,
				7EB740372A69996A008EABF5 /* Views */,
				7EB7402A2A6998E0008EABF5 /* Assets.xcassets */,
				7EB7402F2A6998E0008EABF5 /* Info.plist */,
			);
			path = "GIF Catalogue Application";
			sourceTree = "<group>";
		};
		7EB740352A699921008EABF5 /* AppDelegate */ = {
			isa = PBXGroup;
			children = (
				7EB740212A6998DC008EABF5 /* AppDelegate.swift */,
				7EB740232A6998DC008EABF5 /* SceneDelegate.swift */,
			);
			path = AppDelegate;
			sourceTree = "<group>";
		};
		7EB740362A69995C008EABF5 /* Controllers */ = {
			isa = PBXGroup;
			children = (
				7EB740252A6998DC008EABF5 /* ViewController.swift */,
			);
			path = Controllers;
			sourceTree = "<group>";
		};
		7EB740372A69996A008EABF5 /* Views */ = {
			isa = PBXGroup;
			children = (
				7EB740272A6998DC008EABF5 /* Main.storyboard */,
				7EB7402C2A6998E0008EABF5 /* LaunchScreen.storyboard */,
			);
			path = Views;
			sourceTree = "<group>";
		};
/* End PBXGroup section */

/* Begin PBXNativeTarget section */
		7EB7401D2A6998DC008EABF5 /* GIF Catalogue Application */ = {
			isa = PBXNativeTarget;
			buildConfigurationList = 7EB740322A6998E0008EABF5 /* Build configuration list for PBXNativeTarget "GIF Catalogue Application" */;
			buildPhases = (
				7EB7401A2A6998DC008EABF5 /* Sources */,
				7EB7401B2A6998DC008EABF5 /* Frameworks */,
				7EB7401C2A6998DC008EABF5 /* Resources */,
			);
			buildRules = (
			);
			dependencies = (
			);
			name = "GIF Catalogue Application";
			packageProductDependencies = (
				7E1AE70C2A6B4514008A1996 /* RxSwift */,
				7E1AE70E2A6B4518008A1996 /* RxCocoa */,
				7E1AE7112A6B499B008A1996 /* SDWebImage */,
			);
			productName = "GIF Catalogue Application";
			productReference = 7EB7401E2A6998DC008EABF5 /* GIF Catalogue Application.app */;
			productType = "com.apple.product-type.application";
		};
/* End PBXNativeTarget section */

/* Begin PBXProject section */
		7EB740162A6998DC008EABF5 /* Project object */ = {
			isa = PBXProject;
			attributes = {
				BuildIndependentTargetsInParallel = 1;
				LastSwiftUpdateCheck = 1430;
				LastUpgradeCheck = 1430;
				TargetAttributes = {
					7EB7401D2A6998DC008EABF5 = {
						CreatedOnToolsVersion = 14.3.1;
					};
				};
			};
			buildConfigurationList = 7EB740192A6998DC008EABF5 /* Build configuration list for PBXProject "GIF Catalogue Application" */;
			compatibilityVersion = "Xcode 14.0";
			developmentRegion = en;
			hasScannedForEncodings = 0;
			knownRegions = (
				en,
				Base,
			);
			mainGroup = 7EB740152A6998DC008EABF5;
			packageReferences = (
				7EB740382A69B6BE008EABF5 /* XCRemoteSwiftPackageReference "RxSwift" */,
				7E1AE7102A6B499B008A1996 /* XCRemoteSwiftPackageReference "SDWebImage" */,
			);
			productRefGroup = 7EB7401F2A6998DC008EABF5 /* Products */;
			projectDirPath = "";
			projectRoot = "";
			targets = (
				7EB7401D2A6998DC008EABF5 /* GIF Catalogue Application */,
			);
		};
/* End PBXProject section */

/* Begin PBXResourcesBuildPhase section */
		7EB7401C2A6998DC008EABF5 /* Resources */ = {
			isa = PBXResourcesBuildPhase;
			buildActionMask = 2147483647;
			files = (
				7EB7402E2A6998E0008EABF5 /* LaunchScreen.storyboard in Resources */,
				7EB7402B2A6998E0008EABF5 /* Assets.xcassets in Resources */,
				7EB740292A6998DC008EABF5 /* Main.storyboard in Resources */,
			);
			runOnlyForDeploymentPostprocessing = 0;
		};
/* End PBXResourcesBuildPhase section */

/* Begin PBXSourcesBuildPhase section */
		7EB7401A2A6998DC008EABF5 /* Sources */ = {
			isa = PBXSourcesBuildPhase;
			buildActionMask = 2147483647;
			files = (
				7EB740262A6998DC008EABF5 /* ViewController.swift in Sources */,
				7EB740222A6998DC008EABF5 /* AppDelegate.swift in Sources */,
				7EB740242A6998DC008EABF5 /* SceneDelegate.swift in Sources */,
			);
			runOnlyForDeploymentPostprocessing = 0;
		};
/* End PBXSourcesBuildPhase section */

/* Begin PBXVariantGroup section */
		7EB740272A6998DC008EABF5 /* Main.storyboard */ = {
			isa = PBXVariantGroup;
			children = (
				7EB740282A6998DC008EABF5 /* Base */,
			);
			name = Main.storyboard;
			sourceTree = "<group>";
		};
		7EB7402C2A6998E0008EABF5 /* LaunchScreen.storyboard */ = {
			isa = PBXVariantGroup;
			children = (
				7EB7402D2A6998E0008EABF5 /* Base */,
			);
			name = LaunchScreen.storyboard;
			sourceTree = "<group>";
		};
/* End PBXVariantGroup section */

/* Begin XCBuildConfiguration section */
		7EB740302A6998E0008EABF5 /* Debug */ = {
			isa = XCBuildConfiguration;
			buildSettings = {
				ALWAYS_SEARCH_USER_PATHS = NO;
				CLANG_ANALYZER_NONNULL = YES;
				CLANG_ANALYZER_NUMBER_OBJECT_CONVERSION = YES_AGGRESSIVE;
				CLANG_CXX_LANGUAGE_STANDARD = "gnu++20";
				CLANG_ENABLE_MODULES = YES;
				CLANG_ENABLE_OBJC_ARC = YES;
				CLANG_ENABLE_OBJC_WEAK = YES;
				CLANG_WARN_BLOCK_CAPTURE_AUTORELEASING = YES;
				CLANG_WARN_BOOL_CONVERSION = YES;
				CLANG_WARN_COMMA = YES;
				CLANG_WARN_CONSTANT_CONVERSION = YES;
				CLANG_WARN_DEPRECATED_OBJC_IMPLEMENTATIONS = YES;
				CLANG_WARN_DIRECT_OBJC_ISA_USAGE = YES_ERROR;
				CLANG_WARN_DOCUMENTATION_COMMENTS = YES;
				CLANG_WARN_EMPTY_BODY = YES;
				CLANG_WARN_ENUM_CONVERSION = YES;
				CLANG_WARN_INFINITE_RECURSION = YES;
				CLANG_WARN_INT_CONVERSION = YES;
				CLANG_WARN_NON_LITERAL_NULL_CONVERSION = YES;
				CLANG_WARN_OBJC_IMPLICIT_RETAIN_SELF = YES;
				CLANG_WARN_OBJC_LITERAL_CONVERSION = YES;
				CLANG_WARN_OBJC_ROOT_CLASS = YES_ERROR;
				CLANG_WARN_QUOTED_INCLUDE_IN_FRAMEWORK_HEADER = YES;
				CLANG_WARN_RANGE_LOOP_ANALYSIS = YES;
				CLANG_WARN_STRICT_PROTOTYPES = YES;
				CLANG_WARN_SUSPICIOUS_MOVE = YES;
				CLANG_WARN_UNGUARDED_AVAILABILITY = YES_AGGRESSIVE;
				CLANG_WARN_UNREACHABLE_CODE = YES;
				CLANG_WARN__DUPLICATE_METHOD_MATCH = YES;
				COPY_PHASE_STRIP = NO;
				DEBUG_INFORMATION_FORMAT = dwarf;
				ENABLE_STRICT_OBJC_MSGSEND = YES;
				ENABLE_TESTABILITY = YES;
				GCC_C_LANGUAGE_STANDARD = gnu11;
				GCC_DYNAMIC_NO_PIC = NO;
				GCC_NO_COMMON_BLOCKS = YES;
				GCC_OPTIMIZATION_LEVEL = 0;
				GCC_PREPROCESSOR_DEFINITIONS = (
					"DEBUG=1",
					"$(inherited)",
				);
				GCC_WARN_64_TO_32_BIT_CONVERSION = YES;
				GCC_WARN_ABOUT_RETURN_TYPE = YES_ERROR;
				GCC_WARN_UNDECLARED_SELECTOR = YES;
				GCC_WARN_UNINITIALIZED_AUTOS = YES_AGGRESSIVE;
				GCC_WARN_UNUSED_FUNCTION = YES;
				GCC_WARN_UNUSED_VARIABLE = YES;
				IPHONEOS_DEPLOYMENT_TARGET = 16.4;
				MTL_ENABLE_DEBUG_INFO = INCLUDE_SOURCE;
				MTL_FAST_MATH = YES;
				ONLY_ACTIVE_ARCH = YES;
				SDKROOT = iphoneos;
				SWIFT_ACTIVE_COMPILATION_CONDITIONS = DEBUG;
				SWIFT_OPTIMIZATION_LEVEL = "-Onone";
			};
			name = Debug;
		};
		7EB740312A6998E0008EABF5 /* Release */ = {
			isa = XCBuildConfiguration;
			buildSettings = {
				ALWAYS_SEARCH_USER_PATHS = NO;
				CLANG_ANALYZER_NONNULL = YES;
				CLANG_ANALYZER_NUMBER_OBJECT_CONVERSION = YES_AGGRESSIVE;
				CLANG_CXX_LANGUAGE_STANDARD = "gnu++20";
				CLANG_ENABLE_MODULES = YES;
				CLANG_ENABLE_OBJC_ARC = YES;
				CLANG_ENABLE_OBJC_WEAK = YES;
				CLANG_WARN_BLOCK_CAPTURE_AUTORELEASING = YES;
				CLANG_WARN_BOOL_CONVERSION = YES;
				CLANG_WARN_COMMA = YES;
				CLANG_WARN_CONSTANT_CONVERSION = YES;
				CLANG_WARN_DEPRECATED_OBJC_IMPLEMENTATIONS = YES;
				CLANG_WARN_DIRECT_OBJC_ISA_USAGE = YES_ERROR;
				CLANG_WARN_DOCUMENTATION_COMMENTS = YES;
				CLANG_WARN_EMPTY_BODY = YES;
				CLANG_WARN_ENUM_CONVERSION = YES;
				CLANG_WARN_INFINITE_RECURSION = YES;
				CLANG_WARN_INT_CONVERSION = YES;
				CLANG_WARN_NON_LITERAL_NULL_CONVERSION = YES;
				CLANG_WARN_OBJC_IMPLICIT_RETAIN_SELF = YES;
				CLANG_WARN_OBJC_LITERAL_CONVERSION = YES;
				CLANG_WARN_OBJC_ROOT_CLASS = YES_ERROR;
				CLANG_WARN_QUOTED_INCLUDE_IN_FRAMEWORK_HEADER = YES;
				CLANG_WARN_RANGE_LOOP_ANALYSIS = YES;
				CLANG_WARN_STRICT_PROTOTYPES = YES;
				CLANG_WARN_SUSPICIOUS_MOVE = YES;
				CLANG_WARN_UNGUARDED_AVAILABILITY = YES_AGGRESSIVE;
				CLANG_WARN_UNREACHABLE_CODE = YES;
				CLANG_WARN__DUPLICATE_METHOD_MATCH = YES;
				COPY_PHASE_STRIP = NO;
				DEBUG_INFORMATION_FORMAT = "dwarf-with-dsym";
				ENABLE_NS_ASSERTIONS = NO;
				ENABLE_STRICT_OBJC_MSGSEND = YES;
				GCC_C_LANGUAGE_STANDARD = gnu11;
				GCC_NO_COMMON_BLOCKS = YES;
				GCC_WARN_64_TO_32_BIT_CONVERSION = YES;
				GCC_WARN_ABOUT_RETURN_TYPE = YES_ERROR;
				GCC_WARN_UNDECLARED_SELECTOR = YES;
				GCC_WARN_UNINITIALIZED_AUTOS = YES_AGGRESSIVE;
				GCC_WARN_UNUSED_FUNCTION = YES;
				GCC_WARN_UNUSED_VARIABLE = YES;
				IPHONEOS_DEPLOYMENT_TARGET = 16.4;
				MTL_ENABLE_DEBUG_INFO = NO;
				MTL_FAST_MATH = YES;
				SDKROOT = iphoneos;
				SWIFT_COMPILATION_MODE = wholemodule;
				SWIFT_OPTIMIZATION_LEVEL = "-O";
				VALIDATE_PRODUCT = YES;
			};
			name = Release;
		};
		7EB740332A6998E0008EABF5 /* Debug */ = {
			isa = XCBuildConfiguration;
			buildSettings = {
				ASSETCATALOG_COMPILER_APPICON_NAME = AppIcon;
				ASSETCATALOG_COMPILER_GLOBAL_ACCENT_COLOR_NAME = AccentColor;
				CODE_SIGN_STYLE = Automatic;
				CURRENT_PROJECT_VERSION = 1;
				DEVELOPMENT_TEAM = RW4PA4UCU3;
				GENERATE_INFOPLIST_FILE = YES;
				INFOPLIST_FILE = "GIF Catalogue Application/Info.plist";
				INFOPLIST_KEY_UIApplicationSupportsIndirectInputEvents = YES;
				INFOPLIST_KEY_UILaunchStoryboardName = LaunchScreen;
				INFOPLIST_KEY_UIMainStoryboardFile = Main;
				INFOPLIST_KEY_UISupportedInterfaceOrientations_iPad = "UIInterfaceOrientationPortrait UIInterfaceOrientationPortraitUpsideDown UIInterfaceOrientationLandscapeLeft UIInterfaceOrientationLandscapeRight";
				INFOPLIST_KEY_UISupportedInterfaceOrientations_iPhone = "UIInterfaceOrientationPortrait UIInterfaceOrientationLandscapeLeft UIInterfaceOrientationLandscapeRight";
				LD_RUNPATH_SEARCH_PATHS = (
					"$(inherited)",
					"@executable_path/Frameworks",
				);
				MARKETING_VERSION = 1.0;
				PRODUCT_BUNDLE_IDENTIFIER = "com.Accenture.GIF-Catalogue-Application";
				PRODUCT_NAME = "$(TARGET_NAME)";
				SWIFT_EMIT_LOC_STRINGS = YES;
				SWIFT_VERSION = 5.0;
				TARGETED_DEVICE_FAMILY = "1,2";
			};
			name = Debug;
		};
		7EB740342A6998E0008EABF5 /* Release */ = {
			isa = XCBuildConfiguration;
			buildSettings = {
				ASSETCATALOG_COMPILER_APPICON_NAME = AppIcon;
				ASSETCATALOG_COMPILER_GLOBAL_ACCENT_COLOR_NAME = AccentColor;
				CODE_SIGN_STYLE = Automatic;
				CURRENT_PROJECT_VERSION = 1;
				DEVELOPMENT_TEAM = RW4PA4UCU3;
				GENERATE_INFOPLIST_FILE = YES;
				INFOPLIST_FILE = "GIF Catalogue Application/Info.plist";
				INFOPLIST_KEY_UIApplicationSupportsIndirectInputEvents = YES;
				INFOPLIST_KEY_UILaunchStoryboardName = LaunchScreen;
				INFOPLIST_KEY_UIMainStoryboardFile = Main;
				INFOPLIST_KEY_UISupportedInterfaceOrientations_iPad = "UIInterfaceOrientationPortrait UIInterfaceOrientationPortraitUpsideDown UIInterfaceOrientationLandscapeLeft UIInterfaceOrientationLandscapeRight";
				INFOPLIST_KEY_UISupportedInterfaceOrientations_iPhone = "UIInterfaceOrientationPortrait UIInterfaceOrientationLandscapeLeft UIInterfaceOrientationLandscapeRight";
				LD_RUNPATH_SEARCH_PATHS = (
					"$(inherited)",
					"@executable_path/Frameworks",
				);
				MARKETING_VERSION = 1.0;
				PRODUCT_BUNDLE_IDENTIFIER = "com.Accenture.GIF-Catalogue-Application";
				PRODUCT_NAME = "$(TARGET_NAME)";
				SWIFT_EMIT_LOC_STRINGS = YES;
				SWIFT_VERSION = 5.0;
				TARGETED_DEVICE_FAMILY = "1,2";
			};
			name = Release;
		};
/* End XCBuildConfiguration section */

/* Begin XCConfigurationList section */
		7EB740192A6998DC008EABF5 /* Build configuration list for PBXProject "GIF Catalogue Application" */ = {
			isa = XCConfigurationList;
			buildConfigurations = (
				7EB740302A6998E0008EABF5 /* Debug */,
				7EB740312A6998E0008EABF5 /* Release */,
			);
			defaultConfigurationIsVisible = 0;
			defaultConfigurationName = Release;
		};
		7EB740322A6998E0008EABF5 /* Build configuration list for PBXNativeTarget "GIF Catalogue Application" */ = {
			isa = XCConfigurationList;
			buildConfigurations = (
				7EB740332A6998E0008EABF5 /* Debug */,
				7EB740342A6998E0008EABF5 /* Release */,
			);
			defaultConfigurationIsVisible = 0;
			defaultConfigurationName = Release;
		};
/* End XCConfigurationList section */

/* Begin XCRemoteSwiftPackageReference section */
		7E1AE7102A6B499B008A1996 /* XCRemoteSwiftPackageReference "SDWebImage" */ = {
			isa = XCRemoteSwiftPackageReference;
			repositoryURL = "https://github.com/SDWebImage/SDWebImage";
			requirement = {
				kind = upToNextMajorVersion;
				minimumVersion = 5.0.0;
			};
		};
		7EB740382A69B6BE008EABF5 /* XCRemoteSwiftPackageReference "RxSwift" */ = {
			isa = XCRemoteSwiftPackageReference;
			repositoryURL = "https://github.com/ReactiveX/RxSwift.git";
			requirement = {
				kind = upToNextMajorVersion;
				minimumVersion = 6.0.0;
			};
		};
/* End XCRemoteSwiftPackageReference section */

/* Begin XCSwiftPackageProductDependency section */
		7E1AE70C2A6B4514008A1996 /* RxSwift */ = {
			isa = XCSwiftPackageProductDependency;
			package = 7EB740382A69B6BE008EABF5 /* XCRemoteSwiftPackageReference "RxSwift" */;
			productName = RxSwift;
		};
		7E1AE70E2A6B4518008A1996 /* RxCocoa */ = {
			isa = XCSwiftPackageProductDependency;
			package = 7EB740382A69B6BE008EABF5 /* XCRemoteSwiftPackageReference "RxSwift" */;
			productName = RxCocoa;
		};
		7E1AE7112A6B499B008A1996 /* SDWebImage */ = {
			isa = XCSwiftPackageProductDependency;
			package = 7E1AE7102A6B499B008A1996 /* XCRemoteSwiftPackageReference "SDWebImage" */;
			productName = SDWebImage;
		};
/* End XCSwiftPackageProductDependency section */
	};
	rootObject = 7EB740162A6998DC008EABF5 /* Project object */;
}
